// !$*UTF8*$!
{
	archiveVersion = 1;
	classes = {
	};
	objectVersion = 48;
	objects = {

/* Begin PBXBuildFile section */
		2E4945C923E7D9DF00473D91 /* AppDelegate.swift in Sources */ = {isa = PBXBuildFile; fileRef = 2E4945C823E7D9DF00473D91 /* AppDelegate.swift */; };
		2E4945CB23E7D9DF00473D91 /* ViewController.swift in Sources */ = {isa = PBXBuildFile; fileRef = 2E4945CA23E7D9DF00473D91 /* ViewController.swift */; };
		2E4945CE23E7D9DF00473D91 /* Main.storyboard in Resources */ = {isa = PBXBuildFile; fileRef = 2E4945CC23E7D9DF00473D91 /* Main.storyboard */; };
		2E4945D023E7D9DF00473D91 /* Assets.xcassets in Resources */ = {isa = PBXBuildFile; fileRef = 2E4945CF23E7D9DF00473D91 /* Assets.xcassets */; };
		2E4945D323E7D9DF00473D91 /* LaunchScreen.storyboard in Resources */ = {isa = PBXBuildFile; fileRef = 2E4945D123E7D9DF00473D91 /* LaunchScreen.storyboard */; };
		2E4945DE23E7D9E000473D91 /* DemoProject2Tests.swift in Sources */ = {isa = PBXBuildFile; fileRef = 2E4945DD23E7D9E000473D91 /* DemoProject2Tests.swift */; };
		2E4945E923E7D9E000473D91 /* DemoProject2UITests.swift in Sources */ = {isa = PBXBuildFile; fileRef = 2E4945E823E7D9E000473D91 /* DemoProject2UITests.swift */; };
/* End PBXBuildFile section */

/* Begin PBXContainerItemProxy section */
		2E4945DA23E7D9E000473D91 /* PBXContainerItemProxy */ = {
			isa = PBXContainerItemProxy;
			containerPortal = 2E4945BD23E7D9DF00473D91 /* Project object */;
			proxyType = 1;
			remoteGlobalIDString = 2E4945C423E7D9DF00473D91;
			remoteInfo = DemoProject2;
		};
		2E4945E523E7D9E000473D91 /* PBXContainerItemProxy */ = {
			isa = PBXContainerItemProxy;
			containerPortal = 2E4945BD23E7D9DF00473D91 /* Project object */;
			proxyType = 1;
			remoteGlobalIDString = 2E4945C423E7D9DF00473D91;
			remoteInfo = DemoProject2;
		};
/* End PBXContainerItemProxy section */

/* Begin PBXFileReference section */
		2E4945C523E7D9DF00473D91 /* DemoProject2.app */ = {isa = PBXFileReference; explicitFileType = wrapper.application; includeInIndex = 0; path = DemoProject2.app; sourceTree = BUILT_PRODUCTS_DIR; };
		2E4945C823E7D9DF00473D91 /* AppDelegate.swift */ = {isa = PBXFileReference; lastKnownFileType = sourcecode.swift; path = AppDelegate.swift; sourceTree = "<group>"; };
		2E4945CA23E7D9DF00473D91 /* ViewController.swift */ = {isa = PBXFileReference; lastKnownFileType = sourcecode.swift; path = ViewController.swift; sourceTree = "<group>"; };
		2E4945CD23E7D9DF00473D91 /* Base */ = {isa = PBXFileReference; lastKnownFileType = file.storyboard; name = Base; path = Base.lproj/Main.storyboard; sourceTree = "<group>"; };
		2E4945CF23E7D9DF00473D91 /* Assets.xcassets */ = {isa = PBXFileReference; lastKnownFileType = folder.assetcatalog; path = Assets.xcassets; sourceTree = "<group>"; };
		2E4945D223E7D9DF00473D91 /* Base */ = {isa = PBXFileReference; lastKnownFileType = file.storyboard; name = Base; path = Base.lproj/LaunchScreen.storyboard; sourceTree = "<group>"; };
		2E4945D423E7D9DF00473D91 /* Info.plist */ = {isa = PBXFileReference; lastKnownFileType = text.plist.xml; path = Info.plist; sourceTree = "<group>"; };
		2E4945D923E7D9E000473D91 /* DemoProject2Tests.xctest */ = {isa = PBXFileReference; explicitFileType = wrapper.cfbundle; includeInIndex = 0; path = DemoProject2Tests.xctest; sourceTree = BUILT_PRODUCTS_DIR; };
		2E4945DD23E7D9E000473D91 /* DemoProject2Tests.swift */ = {isa = PBXFileReference; lastKnownFileType = sourcecode.swift; path = DemoProject2Tests.swift; sourceTree = "<group>"; };
		2E4945DF23E7D9E000473D91 /* Info.plist */ = {isa = PBXFileReference; lastKnownFileType = text.plist.xml; path = Info.plist; sourceTree = "<group>"; };
		2E4945E423E7D9E000473D91 /* DemoProject2UITests.xctest */ = {isa = PBXFileReference; explicitFileType = wrapper.cfbundle; includeInIndex = 0; path = DemoProject2UITests.xctest; sourceTree = BUILT_PRODUCTS_DIR; };
		2E4945E823E7D9E000473D91 /* DemoProject2UITests.swift */ = {isa = PBXFileReference; lastKnownFileType = sourcecode.swift; path = DemoProject2UITests.swift; sourceTree = "<group>"; };
		2E4945EA23E7D9E000473D91 /* Info.plist */ = {isa = PBXFileReference; lastKnownFileType = text.plist.xml; path = Info.plist; sourceTree = "<group>"; };
/* End PBXFileReference section */

/* Begin PBXFrameworksBuildPhase section */
		2E4945C223E7D9DF00473D91 /* Frameworks */ = {
			isa = PBXFrameworksBuildPhase;
			buildActionMask = 2147483647;
			files = (
			);
			runOnlyForDeploymentPostprocessing = 0;
		};
		2E4945D623E7D9E000473D91 /* Frameworks */ = {
			isa = PBXFrameworksBuildPhase;
			buildActionMask = 2147483647;
			files = (
			);
			runOnlyForDeploymentPostprocessing = 0;
		};
		2E4945E123E7D9E000473D91 /* Frameworks */ = {
			isa = PBXFrameworksBuildPhase;
			buildActionMask = 2147483647;
			files = (
			);
			runOnlyForDeploymentPostprocessing = 0;
		};
/* End PBXFrameworksBuildPhase section */

/* Begin PBXGroup section */
		2E4945BC23E7D9DF00473D91 = {
			isa = PBXGroup;
			children = (
				2E4945C723E7D9DF00473D91 /* DemoProject2 */,
				2E4945DC23E7D9E000473D91 /* DemoProject2Tests */,
				2E4945E723E7D9E000473D91 /* DemoProject2UITests */,
				2E4945C623E7D9DF00473D91 /* Products */,
			);
			sourceTree = "<group>";
		};
		2E4945C623E7D9DF00473D91 /* Products */ = {
			isa = PBXGroup;
			children = (
				2E4945C523E7D9DF00473D91 /* DemoProject2.app */,
				2E4945D923E7D9E000473D91 /* DemoProject2Tests.xctest */,
				2E4945E423E7D9E000473D91 /* DemoProject2UITests.xctest */,
			);
			name = Products;
			sourceTree = "<group>";
		};
		2E4945C723E7D9DF00473D91 /* DemoProject2 */ = {
			isa = PBXGroup;
			children = (
				2E4945C823E7D9DF00473D91 /* AppDelegate.swift */,
				2E4945CA23E7D9DF00473D91 /* ViewController.swift */,
				2E4945CC23E7D9DF00473D91 /* Main.storyboard */,
				2E4945CF23E7D9DF00473D91 /* Assets.xcassets */,
				2E4945D123E7D9DF00473D91 /* LaunchScreen.storyboard */,
				2E4945D423E7D9DF00473D91 /* Info.plist */,
			);
			path = DemoProject2;
			sourceTree = "<group>";
		};
		2E4945DC23E7D9E000473D91 /* DemoProject2Tests */ = {
			isa = PBXGroup;
			children = (
				2E4945DD23E7D9E000473D91 /* DemoProject2Tests.swift */,
				2E4945DF23E7D9E000473D91 /* Info.plist */,
			);
			path = DemoProject2Tests;
			sourceTree = "<group>";
		};
		2E4945E723E7D9E000473D91 /* DemoProject2UITests */ = {
			isa = PBXGroup;
			children = (
				2E4945E823E7D9E000473D91 /* DemoProject2UITests.swift */,
				2E4945EA23E7D9E000473D91 /* Info.plist */,
			);
			path = DemoProject2UITests;
			sourceTree = "<group>";
		};
/* End PBXGroup section */

/* Begin PBXNativeTarget section */
		2E4945C423E7D9DF00473D91 /* DemoProject2 */ = {
			isa = PBXNativeTarget;
			buildConfigurationList = 2E4945ED23E7D9E000473D91 /* Build configuration list for PBXNativeTarget "DemoProject2" */;
			buildPhases = (
				2E4945C123E7D9DF00473D91 /* Sources */,
				2E4945C223E7D9DF00473D91 /* Frameworks */,
				2E4945C323E7D9DF00473D91 /* Resources */,
			);
			buildRules = (
			);
			dependencies = (
			);
			name = DemoProject2;
			productName = DemoProject2;
			productReference = 2E4945C523E7D9DF00473D91 /* DemoProject2.app */;
			productType = "com.apple.product-type.application";
		};
		2E4945D823E7D9E000473D91 /* DemoProject2Tests */ = {
			isa = PBXNativeTarget;
			buildConfigurationList = 2E4945F023E7D9E000473D91 /* Build configuration list for PBXNativeTarget "DemoProject2Tests" */;
			buildPhases = (
				2E4945D523E7D9E000473D91 /* Sources */,
				2E4945D623E7D9E000473D91 /* Frameworks */,
				2E4945D723E7D9E000473D91 /* Resources */,
			);
			buildRules = (
			);
			dependencies = (
				2E4945DB23E7D9E000473D91 /* PBXTargetDependency */,
			);
			name = DemoProject2Tests;
			productName = DemoProject2Tests;
			productReference = 2E4945D923E7D9E000473D91 /* DemoProject2Tests.xctest */;
			productType = "com.apple.product-type.bundle.unit-test";
		};
		2E4945E323E7D9E000473D91 /* DemoProject2UITests */ = {
			isa = PBXNativeTarget;
			buildConfigurationList = 2E4945F323E7D9E000473D91 /* Build configuration list for PBXNativeTarget "DemoProject2UITests" */;
			buildPhases = (
				2E4945E023E7D9E000473D91 /* Sources */,
				2E4945E123E7D9E000473D91 /* Frameworks */,
				2E4945E223E7D9E000473D91 /* Resources */,
			);
			buildRules = (
			);
			dependencies = (
				2E4945E623E7D9E000473D91 /* PBXTargetDependency */,
			);
			name = DemoProject2UITests;
			productName = DemoProject2UITests;
			productReference = 2E4945E423E7D9E000473D91 /* DemoProject2UITests.xctest */;
			productType = "com.apple.product-type.bundle.ui-testing";
		};
/* End PBXNativeTarget section */

/* Begin PBXProject section */
		2E4945BD23E7D9DF00473D91 /* Project object */ = {
			isa = PBXProject;
			attributes = {
				LastSwiftUpdateCheck = 0920;
				LastUpgradeCheck = 0920;
				ORGANIZATIONNAME = mahesh_zapbuild;
				TargetAttributes = {
					2E4945C423E7D9DF00473D91 = {
						CreatedOnToolsVersion = 9.2;
						ProvisioningStyle = Automatic;
					};
					2E4945D823E7D9E000473D91 = {
						CreatedOnToolsVersion = 9.2;
						ProvisioningStyle = Automatic;
						TestTargetID = 2E4945C423E7D9DF00473D91;
					};
					2E4945E323E7D9E000473D91 = {
						CreatedOnToolsVersion = 9.2;
						ProvisioningStyle = Automatic;
						TestTargetID = 2E4945C423E7D9DF00473D91;
					};
				};
			};
			buildConfigurationList = 2E4945C023E7D9DF00473D91 /* Build configuration list for PBXProject "DemoProject2" */;
			compatibilityVersion = "Xcode 8.0";
			developmentRegion = en;
			hasScannedForEncodings = 0;
			knownRegions = (
				en,
				Base,
			);
			mainGroup = 2E4945BC23E7D9DF00473D91;
			productRefGroup = 2E4945C623E7D9DF00473D91 /* Products */;
			projectDirPath = "";
			projectRoot = "";
			targets = (
				2E4945C423E7D9DF00473D91 /* DemoProject2 */,
				2E4945D823E7D9E000473D91 /* DemoProject2Tests */,
				2E4945E323E7D9E000473D91 /* DemoProject2UITests */,
			);
		};
/* End PBXProject section */

/* Begin PBXResourcesBuildPhase section */
		2E4945C323E7D9DF00473D91 /* Resources */ = {
			isa = PBXResourcesBuildPhase;
			buildActionMask = 2147483647;
			files = (
				2E4945D323E7D9DF00473D91 /* LaunchScreen.storyboard in Resources */,
				2E4945D023E7D9DF00473D91 /* Assets.xcassets in Resources */,
				2E4945CE23E7D9DF00473D91 /* Main.storyboard in Resources */,
			);
			runOnlyForDeploymentPostprocessing = 0;
		};
		2E4945D723E7D9E000473D91 /* Resources */ = {
			isa = PBXResourcesBuildPhase;
			buildActionMask = 2147483647;
			files = (
			);
			runOnlyForDeploymentPostprocessing = 0;
		};
		2E4945E223E7D9E000473D91 /* Resources */ = {
			isa = PBXResourcesBuildPhase;
			buildActionMask = 2147483647;
			files = (
			);
			runOnlyForDeploymentPostprocessing = 0;
		};
/* End PBXResourcesBuildPhase section */

/* Begin PBXSourcesBuildPhase section */
		2E4945C123E7D9DF00473D91 /* Sources */ = {
			isa = PBXSourcesBuildPhase;
			buildActionMask = 2147483647;
			files = (
				2E4945CB23E7D9DF00473D91 /* ViewController.swift in Sources */,
				2E4945C923E7D9DF00473D91 /* AppDelegate.swift in Sources */,
			);
			runOnlyForDeploymentPostprocessing = 0;
		};
		2E4945D523E7D9E000473D91 /* Sources */ = {
			isa = PBXSourcesBuildPhase;
			buildActionMask = 2147483647;
			files = (
				2E4945DE23E7D9E000473D91 /* DemoProject2Tests.swift in Sources */,
			);
			runOnlyForDeploymentPostprocessing = 0;
		};
		2E4945E023E7D9E000473D91 /* Sources */ = {
			isa = PBXSourcesBuildPhase;
			buildActionMask = 2147483647;
			files = (
				2E4945E923E7D9E000473D91 /* DemoProject2UITests.swift in Sources */,
			);
			runOnlyForDeploymentPostprocessing = 0;
		};
/* End PBXSourcesBuildPhase section */

/* Begin PBXTargetDependency section */
		2E4945DB23E7D9E000473D91 /* PBXTargetDependency */ = {
			isa = PBXTargetDependency;
			target = 2E4945C423E7D9DF00473D91 /* DemoProject2 */;
			targetProxy = 2E4945DA23E7D9E000473D91 /* PBXContainerItemProxy */;
		};
		2E4945E623E7D9E000473D91 /* PBXTargetDependency */ = {
			isa = PBXTargetDependency;
			target = 2E4945C423E7D9DF00473D91 /* DemoProject2 */;
			targetProxy = 2E4945E523E7D9E000473D91 /* PBXContainerItemProxy */;
		};
/* End PBXTargetDependency section */

/* Begin PBXVariantGroup section */
		2E4945CC23E7D9DF00473D91 /* Main.storyboard */ = {
			isa = PBXVariantGroup;
			children = (
				2E4945CD23E7D9DF00473D91 /* Base */,
			);
			name = Main.storyboard;
			sourceTree = "<group>";
		};
		2E4945D123E7D9DF00473D91 /* LaunchScreen.storyboard */ = {
			isa = PBXVariantGroup;
			children = (
				2E4945D223E7D9DF00473D91 /* Base */,
			);
			name = LaunchScreen.storyboard;
			sourceTree = "<group>";
		};
/* End PBXVariantGroup section */

/* Begin XCBuildConfiguration section */
		2E4945EB23E7D9E000473D91 /* Debug */ = {
			isa = XCBuildConfiguration;
			buildSettings = {
				ALWAYS_SEARCH_USER_PATHS = NO;
				CLANG_ANALYZER_NONNULL = YES;
				CLANG_ANALYZER_NUMBER_OBJECT_CONVERSION = YES_AGGRESSIVE;
				CLANG_CXX_LANGUAGE_STANDARD = "gnu++14";
				CLANG_CXX_LIBRARY = "libc++";
				CLANG_ENABLE_MODULES = YES;
				CLANG_ENABLE_OBJC_ARC = YES;
				CLANG_WARN_BLOCK_CAPTURE_AUTORELEASING = YES;
				CLANG_WARN_BOOL_CONVERSION = YES;
				CLANG_WARN_COMMA = YES;
				CLANG_WARN_CONSTANT_CONVERSION = YES;
				CLANG_WARN_DIRECT_OBJC_ISA_USAGE = YES_ERROR;
				CLANG_WARN_DOCUMENTATION_COMMENTS = YES;
				CLANG_WARN_EMPTY_BODY = YES;
				CLANG_WARN_ENUM_CONVERSION = YES;
				CLANG_WARN_INFINITE_RECURSION = YES;
				CLANG_WARN_INT_CONVERSION = YES;
				CLANG_WARN_NON_LITERAL_NULL_CONVERSION = YES;
				CLANG_WARN_OBJC_LITERAL_CONVERSION = YES;
				CLANG_WARN_OBJC_ROOT_CLASS = YES_ERROR;
				CLANG_WARN_RANGE_LOOP_ANALYSIS = YES;
				CLANG_WARN_STRICT_PROTOTYPES = YES;
				CLANG_WARN_SUSPICIOUS_MOVE = YES;
				CLANG_WARN_UNGUARDED_AVAILABILITY = YES_AGGRESSIVE;
				CLANG_WARN_UNREACHABLE_CODE = YES;
				CLANG_WARN__DUPLICATE_METHOD_MATCH = YES;
				CODE_SIGN_IDENTITY = "iPhone Developer";
				COPY_PHASE_STRIP = NO;
				DEBUG_INFORMATION_FORMAT = dwarf;
				ENABLE_STRICT_OBJC_MSGSEND = YES;
				ENABLE_TESTABILITY = YES;
				GCC_C_LANGUAGE_STANDARD = gnu11;
				GCC_DYNAMIC_NO_PIC = NO;
				GCC_NO_COMMON_BLOCKS = YES;
				GCC_OPTIMIZATION_LEVEL = 0;
				GCC_PREPROCESSOR_DEFINITIONS = (
					"DEBUG=1",
					"$(inherited)",
				);
				GCC_WARN_64_TO_32_BIT_CONVERSION = YES;
				GCC_WARN_ABOUT_RETURN_TYPE = YES_ERROR;
				GCC_WARN_UNDECLARED_SELECTOR = YES;
				GCC_WARN_UNINITIALIZED_AUTOS = YES_AGGRESSIVE;
				GCC_WARN_UNUSED_FUNCTION = YES;
				GCC_WARN_UNUSED_VARIABLE = YES;
				IPHONEOS_DEPLOYMENT_TARGET = 11.2;
				MTL_ENABLE_DEBUG_INFO = YES;
				ONLY_ACTIVE_ARCH = YES;
				SDKROOT = iphoneos;
				SWIFT_ACTIVE_COMPILATION_CONDITIONS = DEBUG;
				SWIFT_OPTIMIZATION_LEVEL = "-Onone";
			};
			name = Debug;
		};
		2E4945EC23E7D9E000473D91 /* Release */ = {
			isa = XCBuildConfiguration;
			buildSettings = {
				ALWAYS_SEARCH_USER_PATHS = NO;
				CLANG_ANALYZER_NONNULL = YES;
				CLANG_ANALYZER_NUMBER_OBJECT_CONVERSION = YES_AGGRESSIVE;
				CLANG_CXX_LANGUAGE_STANDARD = "gnu++14";
				CLANG_CXX_LIBRARY = "libc++";
				CLANG_ENABLE_MODULES = YES;
				CLANG_ENABLE_OBJC_ARC = YES;
				CLANG_WARN_BLOCK_CAPTURE_AUTORELEASING = YES;
				CLANG_WARN_BOOL_CONVERSION = YES;
				CLANG_WARN_COMMA = YES;
				CLANG_WARN_CONSTANT_CONVERSION = YES;
				CLANG_WARN_DIRECT_OBJC_ISA_USAGE = YES_ERROR;
				CLANG_WARN_DOCUMENTATION_COMMENTS = YES;
				CLANG_WARN_EMPTY_BODY = YES;
				CLANG_WARN_ENUM_CONVERSION = YES;
				CLANG_WARN_INFINITE_RECURSION = YES;
				CLANG_WARN_INT_CONVERSION = YES;
				CLANG_WARN_NON_LITERAL_NULL_CONVERSION = YES;
				CLANG_WARN_OBJC_LITERAL_CONVERSION = YES;
				CLANG_WARN_OBJC_ROOT_CLASS = YES_ERROR;
				CLANG_WARN_RANGE_LOOP_ANALYSIS = YES;
				CLANG_WARN_STRICT_PROTOTYPES = YES;
				CLANG_WARN_SUSPICIOUS_MOVE = YES;
				CLANG_WARN_UNGUARDED_AVAILABILITY = YES_AGGRESSIVE;
				CLANG_WARN_UNREACHABLE_CODE = YES;
				CLANG_WARN__DUPLICATE_METHOD_MATCH = YES;
				CODE_SIGN_IDENTITY = "iPhone Developer";
				COPY_PHASE_STRIP = NO;
				DEBUG_INFORMATION_FORMAT = "dwarf-with-dsym";
				ENABLE_NS_ASSERTIONS = NO;
				ENABLE_STRICT_OBJC_MSGSEND = YES;
				GCC_C_LANGUAGE_STANDARD = gnu11;
				GCC_NO_COMMON_BLOCKS = YES;
				GCC_WARN_64_TO_32_BIT_CONVERSION = YES;
				GCC_WARN_ABOUT_RETURN_TYPE = YES_ERROR;
				GCC_WARN_UNDECLARED_SELECTOR = YES;
				GCC_WARN_UNINITIALIZED_AUTOS = YES_AGGRESSIVE;
				GCC_WARN_UNUSED_FUNCTION = YES;
				GCC_WARN_UNUSED_VARIABLE = YES;
				IPHONEOS_DEPLOYMENT_TARGET = 11.2;
				MTL_ENABLE_DEBUG_INFO = NO;
				SDKROOT = iphoneos;
				SWIFT_OPTIMIZATION_LEVEL = "-Owholemodule";
				VALIDATE_PRODUCT = YES;
			};
			name = Release;
		};
		2E4945EE23E7D9E000473D91 /* Debug */ = {
			isa = XCBuildConfiguration;
			buildSettings = {
				ASSETCATALOG_COMPILER_APPICON_NAME = AppIcon;
				CODE_SIGN_STYLE = Automatic;
				INFOPLIST_FILE = DemoProject2/Info.plist;
				LD_RUNPATH_SEARCH_PATHS = "$(inherited) @executable_path/Frameworks";
				PRODUCT_BUNDLE_IDENTIFIER = zapbuild.DemoProject2;
				PRODUCT_NAME = "$(TARGET_NAME)";
				SWIFT_VERSION = 4.0;
				TARGETED_DEVICE_FAMILY = "1,2";
			};
			name = Debug;
		};
		2E4945EF23E7D9E000473D91 /* Release */ = {
			isa = XCBuildConfiguration;
			buildSettings = {
				ASSETCATALOG_COMPILER_APPICON_NAME = AppIcon;
				CODE_SIGN_STYLE = Automatic;
				INFOPLIST_FILE = DemoProject2/Info.plist;
				LD_RUNPATH_SEARCH_PATHS = "$(inherited) @executable_path/Frameworks";
				PRODUCT_BUNDLE_IDENTIFIER = zapbuild.DemoProject2;
				PRODUCT_NAME = "$(TARGET_NAME)";
				SWIFT_VERSION = 4.0;
				TARGETED_DEVICE_FAMILY = "1,2";
			};
			name = Release;
		};
		2E4945F123E7D9E000473D91 /* Debug */ = {
			isa = XCBuildConfiguration;
			buildSettings = {
				ALWAYS_EMBED_SWIFT_STANDARD_LIBRARIES = YES;
				BUNDLE_LOADER = "$(TEST_HOST)";
				CODE_SIGN_STYLE = Automatic;
				INFOPLIST_FILE = DemoProject2Tests/Info.plist;
				LD_RUNPATH_SEARCH_PATHS = "$(inherited) @executable_path/Frameworks @loader_path/Frameworks";
				PRODUCT_BUNDLE_IDENTIFIER = zapbuild.DemoProject2Tests;
				PRODUCT_NAME = "$(TARGET_NAME)";
				SWIFT_VERSION = 4.0;
				TARGETED_DEVICE_FAMILY = "1,2";
				TEST_HOST = "$(BUILT_PRODUCTS_DIR)/DemoProject2.app/DemoProject2";
			};
			name = Debug;
		};
		2E4945F223E7D9E000473D91 /* Release */ = {
			isa = XCBuildConfiguration;
			buildSettings = {
				ALWAYS_EMBED_SWIFT_STANDARD_LIBRARIES = YES;
				BUNDLE_LOADER = "$(TEST_HOST)";
				CODE_SIGN_STYLE = Automatic;
				INFOPLIST_FILE = DemoProject2Tests/Info.plist;
				LD_RUNPATH_SEARCH_PATHS = "$(inherited) @executable_path/Frameworks @loader_path/Frameworks";
				PRODUCT_BUNDLE_IDENTIFIER = zapbuild.DemoProject2Tests;
				PRODUCT_NAME = "$(TARGET_NAME)";
				SWIFT_VERSION = 4.0;
				TARGETED_DEVICE_FAMILY = "1,2";
				TEST_HOST = "$(BUILT_PRODUCTS_DIR)/DemoProject2.app/DemoProject2";
			};
			name = Release;
		};
		2E4945F423E7D9E000473D91 /* Debug */ = {
			isa = XCBuildConfiguration;
			buildSettings = {
				ALWAYS_EMBED_SWIFT_STANDARD_LIBRARIES = YES;
				CODE_SIGN_STYLE = Automatic;
				INFOPLIST_FILE = DemoProject2UITests/Info.plist;
				LD_RUNPATH_SEARCH_PATHS = "$(inherited) @executable_path/Frameworks @loader_path/Frameworks";
				PRODUCT_BUNDLE_IDENTIFIER = zapbuild.DemoProject2UITests;
				PRODUCT_NAME = "$(TARGET_NAME)";
				SWIFT_VERSION = 4.0;
				TARGETED_DEVICE_FAMILY = "1,2";
				TEST_TARGET_NAME = DemoProject2;
			};
			name = Debug;
		};
		2E4945F523E7D9E000473D91 /* Release */ = {
			isa = XCBuildConfiguration;
			buildSettings = {
				ALWAYS_EMBED_SWIFT_STANDARD_LIBRARIES = YES;
				CODE_SIGN_STYLE = Automatic;
				INFOPLIST_FILE = DemoProject2UITests/Info.plist;
				LD_RUNPATH_SEARCH_PATHS = "$(inherited) @executable_path/Frameworks @loader_path/Frameworks";
				PRODUCT_BUNDLE_IDENTIFIER = zapbuild.DemoProject2UITests;
				PRODUCT_NAME = "$(TARGET_NAME)";
				SWIFT_VERSION = 4.0;
				TARGETED_DEVICE_FAMILY = "1,2";
				TEST_TARGET_NAME = DemoProject2;
			};
			name = Release;
		};
/* End XCBuildConfiguration section */

/* Begin XCConfigurationList section */
		2E4945C023E7D9DF00473D91 /* Build configuration list for PBXProject "DemoProject2" */ = {
			isa = XCConfigurationList;
			buildConfigurations = (
				2E4945EB23E7D9E000473D91 /* Debug */,
				2E4945EC23E7D9E000473D91 /* Release */,
			);
			defaultConfigurationIsVisible = 0;
			defaultConfigurationName = Release;
		};
		2E4945ED23E7D9E000473D91 /* Build configuration list for PBXNativeTarget "DemoProject2" */ = {
			isa = XCConfigurationList;
			buildConfigurations = (
				2E4945EE23E7D9E000473D91 /* Debug */,
				2E4945EF23E7D9E000473D91 /* Release */,
			);
			defaultConfigurationIsVisible = 0;
			defaultConfigurationName = Release;
		};
		2E4945F023E7D9E000473D91 /* Build configuration list for PBXNativeTarget "DemoProject2Tests" */ = {
			isa = XCConfigurationList;
			buildConfigurations = (
				2E4945F123E7D9E000473D91 /* Debug */,
				2E4945F223E7D9E000473D91 /* Release */,
			);
			defaultConfigurationIsVisible = 0;
			defaultConfigurationName = Release;
		};
		2E4945F323E7D9E000473D91 /* Build configuration list for PBXNativeTarget "DemoProject2UITests" */ = {
			isa = XCConfigurationList;
			buildConfigurations = (
				2E4945F423E7D9E000473D91 /* Debug */,
				2E4945F523E7D9E000473D91 /* Release */,
			);
			defaultConfigurationIsVisible = 0;
			defaultConfigurationName = Release;
		};
/* End XCConfigurationList section */
	};
	rootObject = 2E4945BD23E7D9DF00473D91 /* Project object */;
}
