// !$*UTF8*$!
{
	archiveVersion = 1;
	classes = {
	};
	objectVersion = 48;
	objects = {

/* Begin PBXBuildFile section */
		2EC37D16241F34E20080A001 /* AppDelegate.swift in Sources */ = {isa = PBXBuildFile; fileRef = 2EC37D15241F34E20080A001 /* AppDelegate.swift */; };
		2EC37D18241F34E20080A001 /* ViewController.swift in Sources */ = {isa = PBXBuildFile; fileRef = 2EC37D17241F34E20080A001 /* ViewController.swift */; };
		2EC37D1B241F34E20080A001 /* Main.storyboard in Resources */ = {isa = PBXBuildFile; fileRef = 2EC37D19241F34E20080A001 /* Main.storyboard */; };
		2EC37D1D241F34E20080A001 /* Assets.xcassets in Resources */ = {isa = PBXBuildFile; fileRef = 2EC37D1C241F34E20080A001 /* Assets.xcassets */; };
		2EC37D20241F34E20080A001 /* LaunchScreen.storyboard in Resources */ = {isa = PBXBuildFile; fileRef = 2EC37D1E241F34E20080A001 /* LaunchScreen.storyboard */; };
		2EC37D2E241F48830080A001 /* AppDelegate.swift in Sources */ = {isa = PBXBuildFile; fileRef = 2EC37D2D241F48830080A001 /* AppDelegate.swift */; };
		2EC37D33241F48830080A001 /* Main.storyboard in Resources */ = {isa = PBXBuildFile; fileRef = 2EC37D31241F48830080A001 /* Main.storyboard */; };
		2EC37D35241F48830080A001 /* Assets.xcassets in Resources */ = {isa = PBXBuildFile; fileRef = 2EC37D34241F48830080A001 /* Assets.xcassets */; };
		2EC37D38241F48830080A001 /* LaunchScreen.storyboard in Resources */ = {isa = PBXBuildFile; fileRef = 2EC37D36241F48830080A001 /* LaunchScreen.storyboard */; };
		2EC37D3E241F48AC0080A001 /* ViewController.swift in Sources */ = {isa = PBXBuildFile; fileRef = 2EC37D3D241F48AC0080A001 /* ViewController.swift */; };
		2EC37D66241F7C600080A001 /* AppDelegate.swift in Sources */ = {isa = PBXBuildFile; fileRef = 2EC37D65241F7C600080A001 /* AppDelegate.swift */; };
		2EC37D6B241F7C600080A001 /* Main.storyboard in Resources */ = {isa = PBXBuildFile; fileRef = 2EC37D69241F7C600080A001 /* Main.storyboard */; };
		2EC37D6D241F7C600080A001 /* Assets.xcassets in Resources */ = {isa = PBXBuildFile; fileRef = 2EC37D6C241F7C600080A001 /* Assets.xcassets */; };
		2EC37D70241F7C600080A001 /* LaunchScreen.storyboard in Resources */ = {isa = PBXBuildFile; fileRef = 2EC37D6E241F7C600080A001 /* LaunchScreen.storyboard */; };
		2EC37D76241F7CE20080A001 /* PickerViewController.swift in Sources */ = {isa = PBXBuildFile; fileRef = 2EC37D75241F7CE20080A001 /* PickerViewController.swift */; };
/* End PBXBuildFile section */

/* Begin PBXFileReference section */
		2EC37D12241F34E20080A001 /* PickerViewDemo.app */ = {isa = PBXFileReference; explicitFileType = wrapper.application; includeInIndex = 0; path = PickerViewDemo.app; sourceTree = BUILT_PRODUCTS_DIR; };
		2EC37D15241F34E20080A001 /* AppDelegate.swift */ = {isa = PBXFileReference; lastKnownFileType = sourcecode.swift; path = AppDelegate.swift; sourceTree = "<group>"; };
		2EC37D17241F34E20080A001 /* ViewController.swift */ = {isa = PBXFileReference; lastKnownFileType = sourcecode.swift; path = ViewController.swift; sourceTree = "<group>"; };
		2EC37D1A241F34E20080A001 /* Base */ = {isa = PBXFileReference; lastKnownFileType = file.storyboard; name = Base; path = Base.lproj/Main.storyboard; sourceTree = "<group>"; };
		2EC37D1C241F34E20080A001 /* Assets.xcassets */ = {isa = PBXFileReference; lastKnownFileType = folder.assetcatalog; path = Assets.xcassets; sourceTree = "<group>"; };
		2EC37D1F241F34E20080A001 /* Base */ = {isa = PBXFileReference; lastKnownFileType = file.storyboard; name = Base; path = Base.lproj/LaunchScreen.storyboard; sourceTree = "<group>"; };
		2EC37D21241F34E20080A001 /* Info.plist */ = {isa = PBXFileReference; lastKnownFileType = text.plist.xml; path = Info.plist; sourceTree = "<group>"; };
		2EC37D2B241F48830080A001 /* DatePickerView.app */ = {isa = PBXFileReference; explicitFileType = wrapper.application; includeInIndex = 0; path = DatePickerView.app; sourceTree = BUILT_PRODUCTS_DIR; };
		2EC37D2D241F48830080A001 /* AppDelegate.swift */ = {isa = PBXFileReference; lastKnownFileType = sourcecode.swift; path = AppDelegate.swift; sourceTree = "<group>"; };
		2EC37D32241F48830080A001 /* Base */ = {isa = PBXFileReference; lastKnownFileType = file.storyboard; name = Base; path = Base.lproj/Main.storyboard; sourceTree = "<group>"; };
		2EC37D34241F48830080A001 /* Assets.xcassets */ = {isa = PBXFileReference; lastKnownFileType = folder.assetcatalog; path = Assets.xcassets; sourceTree = "<group>"; };
		2EC37D37241F48830080A001 /* Base */ = {isa = PBXFileReference; lastKnownFileType = file.storyboard; name = Base; path = Base.lproj/LaunchScreen.storyboard; sourceTree = "<group>"; };
		2EC37D39241F48830080A001 /* Info.plist */ = {isa = PBXFileReference; lastKnownFileType = text.plist.xml; path = Info.plist; sourceTree = "<group>"; };
		2EC37D3D241F48AC0080A001 /* ViewController.swift */ = {isa = PBXFileReference; lastKnownFileType = sourcecode.swift; path = ViewController.swift; sourceTree = "<group>"; };
		2EC37D63241F7C600080A001 /* CustomPickerView.app */ = {isa = PBXFileReference; explicitFileType = wrapper.application; includeInIndex = 0; path = CustomPickerView.app; sourceTree = BUILT_PRODUCTS_DIR; };
		2EC37D65241F7C600080A001 /* AppDelegate.swift */ = {isa = PBXFileReference; lastKnownFileType = sourcecode.swift; path = AppDelegate.swift; sourceTree = "<group>"; };
		2EC37D6A241F7C600080A001 /* Base */ = {isa = PBXFileReference; lastKnownFileType = file.storyboard; name = Base; path = Base.lproj/Main.storyboard; sourceTree = "<group>"; };
		2EC37D6C241F7C600080A001 /* Assets.xcassets */ = {isa = PBXFileReference; lastKnownFileType = folder.assetcatalog; path = Assets.xcassets; sourceTree = "<group>"; };
		2EC37D6F241F7C600080A001 /* Base */ = {isa = PBXFileReference; lastKnownFileType = file.storyboard; name = Base; path = Base.lproj/LaunchScreen.storyboard; sourceTree = "<group>"; };
		2EC37D71241F7C610080A001 /* Info.plist */ = {isa = PBXFileReference; lastKnownFileType = text.plist.xml; path = Info.plist; sourceTree = "<group>"; };
		2EC37D75241F7CE20080A001 /* PickerViewController.swift */ = {isa = PBXFileReference; lastKnownFileType = sourcecode.swift; path = PickerViewController.swift; sourceTree = "<group>"; };
/* End PBXFileReference section */

/* Begin PBXFrameworksBuildPhase section */
		2EC37D0F241F34E20080A001 /* Frameworks */ = {
			isa = PBXFrameworksBuildPhase;
			buildActionMask = 2147483647;
			files = (
			);
			runOnlyForDeploymentPostprocessing = 0;
		};
		2EC37D28241F48830080A001 /* Frameworks */ = {
			isa = PBXFrameworksBuildPhase;
			buildActionMask = 2147483647;
			files = (
			);
			runOnlyForDeploymentPostprocessing = 0;
		};
		2EC37D60241F7C600080A001 /* Frameworks */ = {
			isa = PBXFrameworksBuildPhase;
			buildActionMask = 2147483647;
			files = (
			);
			runOnlyForDeploymentPostprocessing = 0;
		};
/* End PBXFrameworksBuildPhase section */

/* Begin PBXGroup section */
		2EC37D09241F34E20080A001 = {
			isa = PBXGroup;
			children = (
				2EC37D14241F34E20080A001 /* PickerViewDemo */,
				2EC37D2C241F48830080A001 /* DatePickerView */,
				2EC37D64241F7C600080A001 /* CustomPickerView */,
				2EC37D13241F34E20080A001 /* Products */,
			);
			sourceTree = "<group>";
		};
		2EC37D13241F34E20080A001 /* Products */ = {
			isa = PBXGroup;
			children = (
				2EC37D12241F34E20080A001 /* PickerViewDemo.app */,
				2EC37D2B241F48830080A001 /* DatePickerView.app */,
				2EC37D63241F7C600080A001 /* CustomPickerView.app */,
			);
			name = Products;
			sourceTree = "<group>";
		};
		2EC37D14241F34E20080A001 /* PickerViewDemo */ = {
			isa = PBXGroup;
			children = (
				2EC37D15241F34E20080A001 /* AppDelegate.swift */,
				2EC37D17241F34E20080A001 /* ViewController.swift */,
				2EC37D19241F34E20080A001 /* Main.storyboard */,
				2EC37D1C241F34E20080A001 /* Assets.xcassets */,
				2EC37D1E241F34E20080A001 /* LaunchScreen.storyboard */,
				2EC37D21241F34E20080A001 /* Info.plist */,
			);
			path = PickerViewDemo;
			sourceTree = "<group>";
		};
		2EC37D2C241F48830080A001 /* DatePickerView */ = {
			isa = PBXGroup;
			children = (
				2EC37D2D241F48830080A001 /* AppDelegate.swift */,
				2EC37D3D241F48AC0080A001 /* ViewController.swift */,
				2EC37D31241F48830080A001 /* Main.storyboard */,
				2EC37D34241F48830080A001 /* Assets.xcassets */,
				2EC37D36241F48830080A001 /* LaunchScreen.storyboard */,
				2EC37D39241F48830080A001 /* Info.plist */,
			);
			path = DatePickerView;
			sourceTree = "<group>";
		};
		2EC37D64241F7C600080A001 /* CustomPickerView */ = {
			isa = PBXGroup;
			children = (
				2EC37D65241F7C600080A001 /* AppDelegate.swift */,
				2EC37D75241F7CE20080A001 /* PickerViewController.swift */,
				2EC37D69241F7C600080A001 /* Main.storyboard */,
				2EC37D6C241F7C600080A001 /* Assets.xcassets */,
				2EC37D6E241F7C600080A001 /* LaunchScreen.storyboard */,
				2EC37D71241F7C610080A001 /* Info.plist */,
			);
			path = CustomPickerView;
			sourceTree = "<group>";
		};
/* End PBXGroup section */

/* Begin PBXNativeTarget section */
		2EC37D11241F34E20080A001 /* PickerViewDemo */ = {
			isa = PBXNativeTarget;
			buildConfigurationList = 2EC37D24241F34E20080A001 /* Build configuration list for PBXNativeTarget "PickerViewDemo" */;
			buildPhases = (
				2EC37D0E241F34E20080A001 /* Sources */,
				2EC37D0F241F34E20080A001 /* Frameworks */,
				2EC37D10241F34E20080A001 /* Resources */,
			);
			buildRules = (
			);
			dependencies = (
			);
			name = PickerViewDemo;
			productName = PickerViewDemo;
			productReference = 2EC37D12241F34E20080A001 /* PickerViewDemo.app */;
			productType = "com.apple.product-type.application";
		};
		2EC37D2A241F48830080A001 /* DatePickerView */ = {
			isa = PBXNativeTarget;
			buildConfigurationList = 2EC37D3C241F48830080A001 /* Build configuration list for PBXNativeTarget "DatePickerView" */;
			buildPhases = (
				2EC37D27241F48830080A001 /* Sources */,
				2EC37D28241F48830080A001 /* Frameworks */,
				2EC37D29241F48830080A001 /* Resources */,
			);
			buildRules = (
			);
			dependencies = (
			);
			name = DatePickerView;
			productName = DatePickerView;
			productReference = 2EC37D2B241F48830080A001 /* DatePickerView.app */;
			productType = "com.apple.product-type.application";
		};
		2EC37D62241F7C600080A001 /* CustomPickerView */ = {
			isa = PBXNativeTarget;
			buildConfigurationList = 2EC37D74241F7C610080A001 /* Build configuration list for PBXNativeTarget "CustomPickerView" */;
			buildPhases = (
				2EC37D5F241F7C600080A001 /* Sources */,
				2EC37D60241F7C600080A001 /* Frameworks */,
				2EC37D61241F7C600080A001 /* Resources */,
			);
			buildRules = (
			);
			dependencies = (
			);
			name = CustomPickerView;
			productName = CustomPickerView;
			productReference = 2EC37D63241F7C600080A001 /* CustomPickerView.app */;
			productType = "com.apple.product-type.application";
		};
/* End PBXNativeTarget section */

/* Begin PBXProject section */
		2EC37D0A241F34E20080A001 /* Project object */ = {
			isa = PBXProject;
			attributes = {
				LastSwiftUpdateCheck = 0920;
				LastUpgradeCheck = 0920;
				ORGANIZATIONNAME = mahesh_zapbuild;
				TargetAttributes = {
					2EC37D11241F34E20080A001 = {
						CreatedOnToolsVersion = 9.2;
						ProvisioningStyle = Automatic;
					};
					2EC37D2A241F48830080A001 = {
						CreatedOnToolsVersion = 9.2;
						ProvisioningStyle = Automatic;
					};
					2EC37D62241F7C600080A001 = {
						CreatedOnToolsVersion = 9.2;
						ProvisioningStyle = Automatic;
					};
				};
			};
			buildConfigurationList = 2EC37D0D241F34E20080A001 /* Build configuration list for PBXProject "PickerViewDemo" */;
			compatibilityVersion = "Xcode 8.0";
			developmentRegion = en;
			hasScannedForEncodings = 0;
			knownRegions = (
				en,
				Base,
			);
			mainGroup = 2EC37D09241F34E20080A001;
			productRefGroup = 2EC37D13241F34E20080A001 /* Products */;
			projectDirPath = "";
			projectRoot = "";
			targets = (
				2EC37D11241F34E20080A001 /* PickerViewDemo */,
				2EC37D2A241F48830080A001 /* DatePickerView */,
				2EC37D62241F7C600080A001 /* CustomPickerView */,
			);
		};
/* End PBXProject section */

/* Begin PBXResourcesBuildPhase section */
		2EC37D10241F34E20080A001 /* Resources */ = {
			isa = PBXResourcesBuildPhase;
			buildActionMask = 2147483647;
			files = (
				2EC37D20241F34E20080A001 /* LaunchScreen.storyboard in Resources */,
				2EC37D1D241F34E20080A001 /* Assets.xcassets in Resources */,
				2EC37D1B241F34E20080A001 /* Main.storyboard in Resources */,
			);
			runOnlyForDeploymentPostprocessing = 0;
		};
		2EC37D29241F48830080A001 /* Resources */ = {
			isa = PBXResourcesBuildPhase;
			buildActionMask = 2147483647;
			files = (
				2EC37D38241F48830080A001 /* LaunchScreen.storyboard in Resources */,
				2EC37D35241F48830080A001 /* Assets.xcassets in Resources */,
				2EC37D33241F48830080A001 /* Main.storyboard in Resources */,
			);
			runOnlyForDeploymentPostprocessing = 0;
		};
		2EC37D61241F7C600080A001 /* Resources */ = {
			isa = PBXResourcesBuildPhase;
			buildActionMask = 2147483647;
			files = (
				2EC37D70241F7C600080A001 /* LaunchScreen.storyboard in Resources */,
				2EC37D6D241F7C600080A001 /* Assets.xcassets in Resources */,
				2EC37D6B241F7C600080A001 /* Main.storyboard in Resources */,
			);
			runOnlyForDeploymentPostprocessing = 0;
		};
/* End PBXResourcesBuildPhase section */

/* Begin PBXSourcesBuildPhase section */
		2EC37D0E241F34E20080A001 /* Sources */ = {
			isa = PBXSourcesBuildPhase;
			buildActionMask = 2147483647;
			files = (
				2EC37D18241F34E20080A001 /* ViewController.swift in Sources */,
				2EC37D16241F34E20080A001 /* AppDelegate.swift in Sources */,
			);
			runOnlyForDeploymentPostprocessing = 0;
		};
		2EC37D27241F48830080A001 /* Sources */ = {
			isa = PBXSourcesBuildPhase;
			buildActionMask = 2147483647;
			files = (
				2EC37D3E241F48AC0080A001 /* ViewController.swift in Sources */,
				2EC37D2E241F48830080A001 /* AppDelegate.swift in Sources */,
			);
			runOnlyForDeploymentPostprocessing = 0;
		};
		2EC37D5F241F7C600080A001 /* Sources */ = {
			isa = PBXSourcesBuildPhase;
			buildActionMask = 2147483647;
			files = (
				2EC37D76241F7CE20080A001 /* PickerViewController.swift in Sources */,
				2EC37D66241F7C600080A001 /* AppDelegate.swift in Sources */,
			);
			runOnlyForDeploymentPostprocessing = 0;
		};
/* End PBXSourcesBuildPhase section */

/* Begin PBXVariantGroup section */
		2EC37D19241F34E20080A001 /* Main.storyboard */ = {
			isa = PBXVariantGroup;
			children = (
				2EC37D1A241F34E20080A001 /* Base */,
			);
			name = Main.storyboard;
			sourceTree = "<group>";
		};
		2EC37D1E241F34E20080A001 /* LaunchScreen.storyboard */ = {
			isa = PBXVariantGroup;
			children = (
				2EC37D1F241F34E20080A001 /* Base */,
			);
			name = LaunchScreen.storyboard;
			sourceTree = "<group>";
		};
		2EC37D31241F48830080A001 /* Main.storyboard */ = {
			isa = PBXVariantGroup;
			children = (
				2EC37D32241F48830080A001 /* Base */,
			);
			name = Main.storyboard;
			sourceTree = "<group>";
		};
		2EC37D36241F48830080A001 /* LaunchScreen.storyboard */ = {
			isa = PBXVariantGroup;
			children = (
				2EC37D37241F48830080A001 /* Base */,
			);
			name = LaunchScreen.storyboard;
			sourceTree = "<group>";
		};
		2EC37D69241F7C600080A001 /* Main.storyboard */ = {
			isa = PBXVariantGroup;
			children = (
				2EC37D6A241F7C600080A001 /* Base */,
			);
			name = Main.storyboard;
			sourceTree = "<group>";
		};
		2EC37D6E241F7C600080A001 /* LaunchScreen.storyboard */ = {
			isa = PBXVariantGroup;
			children = (
				2EC37D6F241F7C600080A001 /* Base */,
			);
			name = LaunchScreen.storyboard;
			sourceTree = "<group>";
		};
/* End PBXVariantGroup section */

/* Begin XCBuildConfiguration section */
		2EC37D22241F34E20080A001 /* Debug */ = {
			isa = XCBuildConfiguration;
			buildSettings = {
				ALWAYS_SEARCH_USER_PATHS = NO;
				CLANG_ANALYZER_NONNULL = YES;
				CLANG_ANALYZER_NUMBER_OBJECT_CONVERSION = YES_AGGRESSIVE;
				CLANG_CXX_LANGUAGE_STANDARD = "gnu++14";
				CLANG_CXX_LIBRARY = "libc++";
				CLANG_ENABLE_MODULES = YES;
				CLANG_ENABLE_OBJC_ARC = YES;
				CLANG_WARN_BLOCK_CAPTURE_AUTORELEASING = YES;
				CLANG_WARN_BOOL_CONVERSION = YES;
				CLANG_WARN_COMMA = YES;
				CLANG_WARN_CONSTANT_CONVERSION = YES;
				CLANG_WARN_DIRECT_OBJC_ISA_USAGE = YES_ERROR;
				CLANG_WARN_DOCUMENTATION_COMMENTS = YES;
				CLANG_WARN_EMPTY_BODY = YES;
				CLANG_WARN_ENUM_CONVERSION = YES;
				CLANG_WARN_INFINITE_RECURSION = YES;
				CLANG_WARN_INT_CONVERSION = YES;
				CLANG_WARN_NON_LITERAL_NULL_CONVERSION = YES;
				CLANG_WARN_OBJC_LITERAL_CONVERSION = YES;
				CLANG_WARN_OBJC_ROOT_CLASS = YES_ERROR;
				CLANG_WARN_RANGE_LOOP_ANALYSIS = YES;
				CLANG_WARN_STRICT_PROTOTYPES = YES;
				CLANG_WARN_SUSPICIOUS_MOVE = YES;
				CLANG_WARN_UNGUARDED_AVAILABILITY = YES_AGGRESSIVE;
				CLANG_WARN_UNREACHABLE_CODE = YES;
				CLANG_WARN__DUPLICATE_METHOD_MATCH = YES;
				CODE_SIGN_IDENTITY = "iPhone Developer";
				COPY_PHASE_STRIP = NO;
				DEBUG_INFORMATION_FORMAT = dwarf;
				ENABLE_STRICT_OBJC_MSGSEND = YES;
				ENABLE_TESTABILITY = YES;
				GCC_C_LANGUAGE_STANDARD = gnu11;
				GCC_DYNAMIC_NO_PIC = NO;
				GCC_NO_COMMON_BLOCKS = YES;
				GCC_OPTIMIZATION_LEVEL = 0;
				GCC_PREPROCESSOR_DEFINITIONS = (
					"DEBUG=1",
					"$(inherited)",
				);
				GCC_WARN_64_TO_32_BIT_CONVERSION = YES;
				GCC_WARN_ABOUT_RETURN_TYPE = YES_ERROR;
				GCC_WARN_UNDECLARED_SELECTOR = YES;
				GCC_WARN_UNINITIALIZED_AUTOS = YES_AGGRESSIVE;
				GCC_WARN_UNUSED_FUNCTION = YES;
				GCC_WARN_UNUSED_VARIABLE = YES;
				IPHONEOS_DEPLOYMENT_TARGET = 11.2;
				MTL_ENABLE_DEBUG_INFO = YES;
				ONLY_ACTIVE_ARCH = YES;
				SDKROOT = iphoneos;
				SWIFT_ACTIVE_COMPILATION_CONDITIONS = DEBUG;
				SWIFT_OPTIMIZATION_LEVEL = "-Onone";
			};
			name = Debug;
		};
		2EC37D23241F34E20080A001 /* Release */ = {
			isa = XCBuildConfiguration;
			buildSettings = {
				ALWAYS_SEARCH_USER_PATHS = NO;
				CLANG_ANALYZER_NONNULL = YES;
				CLANG_ANALYZER_NUMBER_OBJECT_CONVERSION = YES_AGGRESSIVE;
				CLANG_CXX_LANGUAGE_STANDARD = "gnu++14";
				CLANG_CXX_LIBRARY = "libc++";
				CLANG_ENABLE_MODULES = YES;
				CLANG_ENABLE_OBJC_ARC = YES;
				CLANG_WARN_BLOCK_CAPTURE_AUTORELEASING = YES;
				CLANG_WARN_BOOL_CONVERSION = YES;
				CLANG_WARN_COMMA = YES;
				CLANG_WARN_CONSTANT_CONVERSION = YES;
				CLANG_WARN_DIRECT_OBJC_ISA_USAGE = YES_ERROR;
				CLANG_WARN_DOCUMENTATION_COMMENTS = YES;
				CLANG_WARN_EMPTY_BODY = YES;
				CLANG_WARN_ENUM_CONVERSION = YES;
				CLANG_WARN_INFINITE_RECURSION = YES;
				CLANG_WARN_INT_CONVERSION = YES;
				CLANG_WARN_NON_LITERAL_NULL_CONVERSION = YES;
				CLANG_WARN_OBJC_LITERAL_CONVERSION = YES;
				CLANG_WARN_OBJC_ROOT_CLASS = YES_ERROR;
				CLANG_WARN_RANGE_LOOP_ANALYSIS = YES;
				CLANG_WARN_STRICT_PROTOTYPES = YES;
				CLANG_WARN_SUSPICIOUS_MOVE = YES;
				CLANG_WARN_UNGUARDED_AVAILABILITY = YES_AGGRESSIVE;
				CLANG_WARN_UNREACHABLE_CODE = YES;
				CLANG_WARN__DUPLICATE_METHOD_MATCH = YES;
				CODE_SIGN_IDENTITY = "iPhone Developer";
				COPY_PHASE_STRIP = NO;
				DEBUG_INFORMATION_FORMAT = "dwarf-with-dsym";
				ENABLE_NS_ASSERTIONS = NO;
				ENABLE_STRICT_OBJC_MSGSEND = YES;
				GCC_C_LANGUAGE_STANDARD = gnu11;
				GCC_NO_COMMON_BLOCKS = YES;
				GCC_WARN_64_TO_32_BIT_CONVERSION = YES;
				GCC_WARN_ABOUT_RETURN_TYPE = YES_ERROR;
				GCC_WARN_UNDECLARED_SELECTOR = YES;
				GCC_WARN_UNINITIALIZED_AUTOS = YES_AGGRESSIVE;
				GCC_WARN_UNUSED_FUNCTION = YES;
				GCC_WARN_UNUSED_VARIABLE = YES;
				IPHONEOS_DEPLOYMENT_TARGET = 11.2;
				MTL_ENABLE_DEBUG_INFO = NO;
				SDKROOT = iphoneos;
				SWIFT_OPTIMIZATION_LEVEL = "-Owholemodule";
				VALIDATE_PRODUCT = YES;
			};
			name = Release;
		};
		2EC37D25241F34E20080A001 /* Debug */ = {
			isa = XCBuildConfiguration;
			buildSettings = {
				ASSETCATALOG_COMPILER_APPICON_NAME = AppIcon;
				CODE_SIGN_STYLE = Automatic;
				DEVELOPMENT_TEAM = ZANX62B9K5;
				INFOPLIST_FILE = PickerViewDemo/Info.plist;
				IPHONEOS_DEPLOYMENT_TARGET = 9.3;
				LD_RUNPATH_SEARCH_PATHS = "$(inherited) @executable_path/Frameworks";
				PRODUCT_BUNDLE_IDENTIFIER = zapbuild.PickerViewDemo;
				PRODUCT_NAME = "$(TARGET_NAME)";
				SWIFT_VERSION = 4.0;
				TARGETED_DEVICE_FAMILY = "1,2";
			};
			name = Debug;
		};
		2EC37D26241F34E20080A001 /* Release */ = {
			isa = XCBuildConfiguration;
			buildSettings = {
				ASSETCATALOG_COMPILER_APPICON_NAME = AppIcon;
				CODE_SIGN_STYLE = Automatic;
				DEVELOPMENT_TEAM = ZANX62B9K5;
				INFOPLIST_FILE = PickerViewDemo/Info.plist;
				IPHONEOS_DEPLOYMENT_TARGET = 9.3;
				LD_RUNPATH_SEARCH_PATHS = "$(inherited) @executable_path/Frameworks";
				PRODUCT_BUNDLE_IDENTIFIER = zapbuild.PickerViewDemo;
				PRODUCT_NAME = "$(TARGET_NAME)";
				SWIFT_VERSION = 4.0;
				TARGETED_DEVICE_FAMILY = "1,2";
			};
			name = Release;
		};
		2EC37D3A241F48830080A001 /* Debug */ = {
			isa = XCBuildConfiguration;
			buildSettings = {
				ASSETCATALOG_COMPILER_APPICON_NAME = AppIcon;
				CODE_SIGN_STYLE = Automatic;
				DEVELOPMENT_TEAM = ZANX62B9K5;
				INFOPLIST_FILE = DatePickerView/Info.plist;
				IPHONEOS_DEPLOYMENT_TARGET = 9.3;
				LD_RUNPATH_SEARCH_PATHS = "$(inherited) @executable_path/Frameworks";
				PRODUCT_BUNDLE_IDENTIFIER = zapbuild.DatePickerView;
				PRODUCT_NAME = "$(TARGET_NAME)";
				SWIFT_VERSION = 4.0;
				TARGETED_DEVICE_FAMILY = "1,2";
			};
			name = Debug;
		};
		2EC37D3B241F48830080A001 /* Release */ = {
			isa = XCBuildConfiguration;
			buildSettings = {
				ASSETCATALOG_COMPILER_APPICON_NAME = AppIcon;
				CODE_SIGN_STYLE = Automatic;
				DEVELOPMENT_TEAM = ZANX62B9K5;
				INFOPLIST_FILE = DatePickerView/Info.plist;
				IPHONEOS_DEPLOYMENT_TARGET = 9.3;
				LD_RUNPATH_SEARCH_PATHS = "$(inherited) @executable_path/Frameworks";
				PRODUCT_BUNDLE_IDENTIFIER = zapbuild.DatePickerView;
				PRODUCT_NAME = "$(TARGET_NAME)";
				SWIFT_VERSION = 4.0;
				TARGETED_DEVICE_FAMILY = "1,2";
			};
			name = Release;
		};
		2EC37D72241F7C610080A001 /* Debug */ = {
			isa = XCBuildConfiguration;
			buildSettings = {
				ASSETCATALOG_COMPILER_APPICON_NAME = AppIcon;
				CODE_SIGN_STYLE = Automatic;
				DEVELOPMENT_TEAM = ZANX62B9K5;
				INFOPLIST_FILE = CustomPickerView/Info.plist;
				IPHONEOS_DEPLOYMENT_TARGET = 9.3;
				LD_RUNPATH_SEARCH_PATHS = "$(inherited) @executable_path/Frameworks";
				PRODUCT_BUNDLE_IDENTIFIER = zapbuild.CustomPickerView;
				PRODUCT_NAME = "$(TARGET_NAME)";
				SWIFT_VERSION = 4.0;
				TARGETED_DEVICE_FAMILY = "1,2";
			};
			name = Debug;
		};
		2EC37D73241F7C610080A001 /* Release */ = {
			isa = XCBuildConfiguration;
			buildSettings = {
				ASSETCATALOG_COMPILER_APPICON_NAME = AppIcon;
				CODE_SIGN_STYLE = Automatic;
				DEVELOPMENT_TEAM = ZANX62B9K5;
				INFOPLIST_FILE = CustomPickerView/Info.plist;
				IPHONEOS_DEPLOYMENT_TARGET = 9.3;
				LD_RUNPATH_SEARCH_PATHS = "$(inherited) @executable_path/Frameworks";
				PRODUCT_BUNDLE_IDENTIFIER = zapbuild.CustomPickerView;
				PRODUCT_NAME = "$(TARGET_NAME)";
				SWIFT_VERSION = 4.0;
				TARGETED_DEVICE_FAMILY = "1,2";
			};
			name = Release;
		};
/* End XCBuildConfiguration section */

/* Begin XCConfigurationList section */
		2EC37D0D241F34E20080A001 /* Build configuration list for PBXProject "PickerViewDemo" */ = {
			isa = XCConfigurationList;
			buildConfigurations = (
				2EC37D22241F34E20080A001 /* Debug */,
				2EC37D23241F34E20080A001 /* Release */,
			);
			defaultConfigurationIsVisible = 0;
			defaultConfigurationName = Release;
		};
		2EC37D24241F34E20080A001 /* Build configuration list for PBXNativeTarget "PickerViewDemo" */ = {
			isa = XCConfigurationList;
			buildConfigurations = (
				2EC37D25241F34E20080A001 /* Debug */,
				2EC37D26241F34E20080A001 /* Release */,
			);
			defaultConfigurationIsVisible = 0;
			defaultConfigurationName = Release;
		};
		2EC37D3C241F48830080A001 /* Build configuration list for PBXNativeTarget "DatePickerView" */ = {
			isa = XCConfigurationList;
			buildConfigurations = (
				2EC37D3A241F48830080A001 /* Debug */,
				2EC37D3B241F48830080A001 /* Release */,
			);
			defaultConfigurationIsVisible = 0;
			defaultConfigurationName = Release;
		};
		2EC37D74241F7C610080A001 /* Build configuration list for PBXNativeTarget "CustomPickerView" */ = {
			isa = XCConfigurationList;
			buildConfigurations = (
				2EC37D72241F7C610080A001 /* Debug */,
				2EC37D73241F7C610080A001 /* Release */,
			);
			defaultConfigurationIsVisible = 0;
			defaultConfigurationName = Release;
		};
/* End XCConfigurationList section */
	};
	rootObject = 2EC37D0A241F34E20080A001 /* Project object */;
}
