// !$*UTF8*$!
{
	archiveVersion = 1;
	classes = {
	};
	objectVersion = 48;
	objects = {

/* Begin PBXBuildFile section */
		2E19A0C72419FF3100FEC1F9 /* CollectionViewCell.swift in Sources */ = {isa = PBXBuildFile; fileRef = 2E19A0C62419FF3100FEC1F9 /* CollectionViewCell.swift */; };
		2EFA835F2418DFE500A36452 /* AppDelegate.swift in Sources */ = {isa = PBXBuildFile; fileRef = 2EFA835E2418DFE500A36452 /* AppDelegate.swift */; };
		2EFA83612418DFE500A36452 /* ViewController.swift in Sources */ = {isa = PBXBuildFile; fileRef = 2EFA83602418DFE500A36452 /* ViewController.swift */; };
		2EFA83642418DFE500A36452 /* Main.storyboard in Resources */ = {isa = PBXBuildFile; fileRef = 2EFA83622418DFE500A36452 /* Main.storyboard */; };
		2EFA83662418DFE500A36452 /* Assets.xcassets in Resources */ = {isa = PBXBuildFile; fileRef = 2EFA83652418DFE500A36452 /* Assets.xcassets */; };
		2EFA83692418DFE500A36452 /* LaunchScreen.storyboard in Resources */ = {isa = PBXBuildFile; fileRef = 2EFA83672418DFE500A36452 /* LaunchScreen.storyboard */; };
		2EFF68E6241A091400EA98EF /* ImageViewController.swift in Sources */ = {isa = PBXBuildFile; fileRef = 2EFF68E5241A091400EA98EF /* ImageViewController.swift */; };
		2EFF68EA241A602B00EA98EF /* HeaderCollectionReusableView.swift in Sources */ = {isa = PBXBuildFile; fileRef = 2EFF68E9241A602B00EA98EF /* HeaderCollectionReusableView.swift */; };
		2EFF68EC241A658600EA98EF /* FooterCollectionReusableView.swift in Sources */ = {isa = PBXBuildFile; fileRef = 2EFF68EB241A658600EA98EF /* FooterCollectionReusableView.swift */; };
/* End PBXBuildFile section */

/* Begin PBXFileReference section */
		2E19A0C62419FF3100FEC1F9 /* CollectionViewCell.swift */ = {isa = PBXFileReference; lastKnownFileType = sourcecode.swift; path = CollectionViewCell.swift; sourceTree = "<group>"; };
		2EFA835B2418DFE500A36452 /* CollectionViewProject.app */ = {isa = PBXFileReference; explicitFileType = wrapper.application; includeInIndex = 0; path = CollectionViewProject.app; sourceTree = BUILT_PRODUCTS_DIR; };
		2EFA835E2418DFE500A36452 /* AppDelegate.swift */ = {isa = PBXFileReference; lastKnownFileType = sourcecode.swift; path = AppDelegate.swift; sourceTree = "<group>"; };
		2EFA83602418DFE500A36452 /* ViewController.swift */ = {isa = PBXFileReference; lastKnownFileType = sourcecode.swift; path = ViewController.swift; sourceTree = "<group>"; };
		2EFA83632418DFE500A36452 /* Base */ = {isa = PBXFileReference; lastKnownFileType = file.storyboard; name = Base; path = Base.lproj/Main.storyboard; sourceTree = "<group>"; };
		2EFA83652418DFE500A36452 /* Assets.xcassets */ = {isa = PBXFileReference; lastKnownFileType = folder.assetcatalog; path = Assets.xcassets; sourceTree = "<group>"; };
		2EFA83682418DFE500A36452 /* Base */ = {isa = PBXFileReference; lastKnownFileType = file.storyboard; name = Base; path = Base.lproj/LaunchScreen.storyboard; sourceTree = "<group>"; };
		2EFA836A2418DFE500A36452 /* Info.plist */ = {isa = PBXFileReference; lastKnownFileType = text.plist.xml; path = Info.plist; sourceTree = "<group>"; };
		2EFF68E5241A091400EA98EF /* ImageViewController.swift */ = {isa = PBXFileReference; lastKnownFileType = sourcecode.swift; path = ImageViewController.swift; sourceTree = "<group>"; };
		2EFF68E9241A602B00EA98EF /* HeaderCollectionReusableView.swift */ = {isa = PBXFileReference; lastKnownFileType = sourcecode.swift; path = HeaderCollectionReusableView.swift; sourceTree = "<group>"; };
		2EFF68EB241A658600EA98EF /* FooterCollectionReusableView.swift */ = {isa = PBXFileReference; lastKnownFileType = sourcecode.swift; path = FooterCollectionReusableView.swift; sourceTree = "<group>"; };
/* End PBXFileReference section */

/* Begin PBXFrameworksBuildPhase section */
		2EFA83582418DFE500A36452 /* Frameworks */ = {
			isa = PBXFrameworksBuildPhase;
			buildActionMask = 2147483647;
			files = (
			);
			runOnlyForDeploymentPostprocessing = 0;
		};
/* End PBXFrameworksBuildPhase section */

/* Begin PBXGroup section */
		2EFA83522418DFE500A36452 = {
			isa = PBXGroup;
			children = (
				2EFA835D2418DFE500A36452 /* CollectionViewProject */,
				2EFA835C2418DFE500A36452 /* Products */,
			);
			sourceTree = "<group>";
		};
		2EFA835C2418DFE500A36452 /* Products */ = {
			isa = PBXGroup;
			children = (
				2EFA835B2418DFE500A36452 /* CollectionViewProject.app */,
			);
			name = Products;
			sourceTree = "<group>";
		};
		2EFA835D2418DFE500A36452 /* CollectionViewProject */ = {
			isa = PBXGroup;
			children = (
				2EFA835E2418DFE500A36452 /* AppDelegate.swift */,
				2EFA83602418DFE500A36452 /* ViewController.swift */,
				2EFA83622418DFE500A36452 /* Main.storyboard */,
				2EFF68E5241A091400EA98EF /* ImageViewController.swift */,
				2EFA83652418DFE500A36452 /* Assets.xcassets */,
				2EFA83672418DFE500A36452 /* LaunchScreen.storyboard */,
				2EFA836A2418DFE500A36452 /* Info.plist */,
				2E19A0C62419FF3100FEC1F9 /* CollectionViewCell.swift */,
				2EFF68E9241A602B00EA98EF /* HeaderCollectionReusableView.swift */,
				2EFF68EB241A658600EA98EF /* FooterCollectionReusableView.swift */,
			);
			path = CollectionViewProject;
			sourceTree = "<group>";
		};
/* End PBXGroup section */

/* Begin PBXNativeTarget section */
		2EFA835A2418DFE500A36452 /* CollectionViewProject */ = {
			isa = PBXNativeTarget;
			buildConfigurationList = 2EFA836D2418DFE500A36452 /* Build configuration list for PBXNativeTarget "CollectionViewProject" */;
			buildPhases = (
				2EFA83572418DFE500A36452 /* Sources */,
				2EFA83582418DFE500A36452 /* Frameworks */,
				2EFA83592418DFE500A36452 /* Resources */,
			);
			buildRules = (
			);
			dependencies = (
			);
			name = CollectionViewProject;
			productName = CollectionViewProject;
			productReference = 2EFA835B2418DFE500A36452 /* CollectionViewProject.app */;
			productType = "com.apple.product-type.application";
		};
/* End PBXNativeTarget section */

/* Begin PBXProject section */
		2EFA83532418DFE500A36452 /* Project object */ = {
			isa = PBXProject;
			attributes = {
				LastSwiftUpdateCheck = 0920;
				LastUpgradeCheck = 0920;
				ORGANIZATIONNAME = mahesh_zapbuild;
				TargetAttributes = {
					2EFA835A2418DFE500A36452 = {
						CreatedOnToolsVersion = 9.2;
						ProvisioningStyle = Automatic;
					};
				};
			};
			buildConfigurationList = 2EFA83562418DFE500A36452 /* Build configuration list for PBXProject "CollectionViewProject" */;
			compatibilityVersion = "Xcode 8.0";
			developmentRegion = en;
			hasScannedForEncodings = 0;
			knownRegions = (
				en,
				Base,
			);
			mainGroup = 2EFA83522418DFE500A36452;
			productRefGroup = 2EFA835C2418DFE500A36452 /* Products */;
			projectDirPath = "";
			projectRoot = "";
			targets = (
				2EFA835A2418DFE500A36452 /* CollectionViewProject */,
			);
		};
/* End PBXProject section */

/* Begin PBXResourcesBuildPhase section */
		2EFA83592418DFE500A36452 /* Resources */ = {
			isa = PBXResourcesBuildPhase;
			buildActionMask = 2147483647;
			files = (
				2EFA83692418DFE500A36452 /* LaunchScreen.storyboard in Resources */,
				2EFA83662418DFE500A36452 /* Assets.xcassets in Resources */,
				2EFA83642418DFE500A36452 /* Main.storyboard in Resources */,
			);
			runOnlyForDeploymentPostprocessing = 0;
		};
/* End PBXResourcesBuildPhase section */

/* Begin PBXSourcesBuildPhase section */
		2EFA83572418DFE500A36452 /* Sources */ = {
			isa = PBXSourcesBuildPhase;
			buildActionMask = 2147483647;
			files = (
				2EFF68EA241A602B00EA98EF /* HeaderCollectionReusableView.swift in Sources */,
				2EFA83612418DFE500A36452 /* ViewController.swift in Sources */,
				2EFA835F2418DFE500A36452 /* AppDelegate.swift in Sources */,
				2EFF68E6241A091400EA98EF /* ImageViewController.swift in Sources */,
				2EFF68EC241A658600EA98EF /* FooterCollectionReusableView.swift in Sources */,
				2E19A0C72419FF3100FEC1F9 /* CollectionViewCell.swift in Sources */,
			);
			runOnlyForDeploymentPostprocessing = 0;
		};
/* End PBXSourcesBuildPhase section */

/* Begin PBXVariantGroup section */
		2EFA83622418DFE500A36452 /* Main.storyboard */ = {
			isa = PBXVariantGroup;
			children = (
				2EFA83632418DFE500A36452 /* Base */,
			);
			name = Main.storyboard;
			sourceTree = "<group>";
		};
		2EFA83672418DFE500A36452 /* LaunchScreen.storyboard */ = {
			isa = PBXVariantGroup;
			children = (
				2EFA83682418DFE500A36452 /* Base */,
			);
			name = LaunchScreen.storyboard;
			sourceTree = "<group>";
		};
/* End PBXVariantGroup section */

/* Begin XCBuildConfiguration section */
		2EFA836B2418DFE500A36452 /* Debug */ = {
			isa = XCBuildConfiguration;
			buildSettings = {
				ALWAYS_SEARCH_USER_PATHS = NO;
				CLANG_ANALYZER_NONNULL = YES;
				CLANG_ANALYZER_NUMBER_OBJECT_CONVERSION = YES_AGGRESSIVE;
				CLANG_CXX_LANGUAGE_STANDARD = "gnu++14";
				CLANG_CXX_LIBRARY = "libc++";
				CLANG_ENABLE_MODULES = YES;
				CLANG_ENABLE_OBJC_ARC = YES;
				CLANG_WARN_BLOCK_CAPTURE_AUTORELEASING = YES;
				CLANG_WARN_BOOL_CONVERSION = YES;
				CLANG_WARN_COMMA = YES;
				CLANG_WARN_CONSTANT_CONVERSION = YES;
				CLANG_WARN_DIRECT_OBJC_ISA_USAGE = YES_ERROR;
				CLANG_WARN_DOCUMENTATION_COMMENTS = YES;
				CLANG_WARN_EMPTY_BODY = YES;
				CLANG_WARN_ENUM_CONVERSION = YES;
				CLANG_WARN_INFINITE_RECURSION = YES;
				CLANG_WARN_INT_CONVERSION = YES;
				CLANG_WARN_NON_LITERAL_NULL_CONVERSION = YES;
				CLANG_WARN_OBJC_LITERAL_CONVERSION = YES;
				CLANG_WARN_OBJC_ROOT_CLASS = YES_ERROR;
				CLANG_WARN_RANGE_LOOP_ANALYSIS = YES;
				CLANG_WARN_STRICT_PROTOTYPES = YES;
				CLANG_WARN_SUSPICIOUS_MOVE = YES;
				CLANG_WARN_UNGUARDED_AVAILABILITY = YES_AGGRESSIVE;
				CLANG_WARN_UNREACHABLE_CODE = YES;
				CLANG_WARN__DUPLICATE_METHOD_MATCH = YES;
				CODE_SIGN_IDENTITY = "iPhone Developer";
				COPY_PHASE_STRIP = NO;
				DEBUG_INFORMATION_FORMAT = dwarf;
				ENABLE_STRICT_OBJC_MSGSEND = YES;
				ENABLE_TESTABILITY = YES;
				GCC_C_LANGUAGE_STANDARD = gnu11;
				GCC_DYNAMIC_NO_PIC = NO;
				GCC_NO_COMMON_BLOCKS = YES;
				GCC_OPTIMIZATION_LEVEL = 0;
				GCC_PREPROCESSOR_DEFINITIONS = (
					"DEBUG=1",
					"$(inherited)",
				);
				GCC_WARN_64_TO_32_BIT_CONVERSION = YES;
				GCC_WARN_ABOUT_RETURN_TYPE = YES_ERROR;
				GCC_WARN_UNDECLARED_SELECTOR = YES;
				GCC_WARN_UNINITIALIZED_AUTOS = YES_AGGRESSIVE;
				GCC_WARN_UNUSED_FUNCTION = YES;
				GCC_WARN_UNUSED_VARIABLE = YES;
				IPHONEOS_DEPLOYMENT_TARGET = 11.2;
				MTL_ENABLE_DEBUG_INFO = YES;
				ONLY_ACTIVE_ARCH = YES;
				SDKROOT = iphoneos;
				SWIFT_ACTIVE_COMPILATION_CONDITIONS = DEBUG;
				SWIFT_OPTIMIZATION_LEVEL = "-Onone";
			};
			name = Debug;
		};
		2EFA836C2418DFE500A36452 /* Release */ = {
			isa = XCBuildConfiguration;
			buildSettings = {
				ALWAYS_SEARCH_USER_PATHS = NO;
				CLANG_ANALYZER_NONNULL = YES;
				CLANG_ANALYZER_NUMBER_OBJECT_CONVERSION = YES_AGGRESSIVE;
				CLANG_CXX_LANGUAGE_STANDARD = "gnu++14";
				CLANG_CXX_LIBRARY = "libc++";
				CLANG_ENABLE_MODULES = YES;
				CLANG_ENABLE_OBJC_ARC = YES;
				CLANG_WARN_BLOCK_CAPTURE_AUTORELEASING = YES;
				CLANG_WARN_BOOL_CONVERSION = YES;
				CLANG_WARN_COMMA = YES;
				CLANG_WARN_CONSTANT_CONVERSION = YES;
				CLANG_WARN_DIRECT_OBJC_ISA_USAGE = YES_ERROR;
				CLANG_WARN_DOCUMENTATION_COMMENTS = YES;
				CLANG_WARN_EMPTY_BODY = YES;
				CLANG_WARN_ENUM_CONVERSION = YES;
				CLANG_WARN_INFINITE_RECURSION = YES;
				CLANG_WARN_INT_CONVERSION = YES;
				CLANG_WARN_NON_LITERAL_NULL_CONVERSION = YES;
				CLANG_WARN_OBJC_LITERAL_CONVERSION = YES;
				CLANG_WARN_OBJC_ROOT_CLASS = YES_ERROR;
				CLANG_WARN_RANGE_LOOP_ANALYSIS = YES;
				CLANG_WARN_STRICT_PROTOTYPES = YES;
				CLANG_WARN_SUSPICIOUS_MOVE = YES;
				CLANG_WARN_UNGUARDED_AVAILABILITY = YES_AGGRESSIVE;
				CLANG_WARN_UNREACHABLE_CODE = YES;
				CLANG_WARN__DUPLICATE_METHOD_MATCH = YES;
				CODE_SIGN_IDENTITY = "iPhone Developer";
				COPY_PHASE_STRIP = NO;
				DEBUG_INFORMATION_FORMAT = "dwarf-with-dsym";
				ENABLE_NS_ASSERTIONS = NO;
				ENABLE_STRICT_OBJC_MSGSEND = YES;
				GCC_C_LANGUAGE_STANDARD = gnu11;
				GCC_NO_COMMON_BLOCKS = YES;
				GCC_WARN_64_TO_32_BIT_CONVERSION = YES;
				GCC_WARN_ABOUT_RETURN_TYPE = YES_ERROR;
				GCC_WARN_UNDECLARED_SELECTOR = YES;
				GCC_WARN_UNINITIALIZED_AUTOS = YES_AGGRESSIVE;
				GCC_WARN_UNUSED_FUNCTION = YES;
				GCC_WARN_UNUSED_VARIABLE = YES;
				IPHONEOS_DEPLOYMENT_TARGET = 11.2;
				MTL_ENABLE_DEBUG_INFO = NO;
				SDKROOT = iphoneos;
				SWIFT_OPTIMIZATION_LEVEL = "-Owholemodule";
				VALIDATE_PRODUCT = YES;
			};
			name = Release;
		};
		2EFA836E2418DFE500A36452 /* Debug */ = {
			isa = XCBuildConfiguration;
			buildSettings = {
				ASSETCATALOG_COMPILER_APPICON_NAME = AppIcon;
				CODE_SIGN_STYLE = Automatic;
				INFOPLIST_FILE = CollectionViewProject/Info.plist;
				LD_RUNPATH_SEARCH_PATHS = "$(inherited) @executable_path/Frameworks";
				PRODUCT_BUNDLE_IDENTIFIER = zapbuild.CollectionViewProject;
				PRODUCT_NAME = "$(TARGET_NAME)";
				SWIFT_VERSION = 4.0;
				TARGETED_DEVICE_FAMILY = "1,2";
			};
			name = Debug;
		};
		2EFA836F2418DFE500A36452 /* Release */ = {
			isa = XCBuildConfiguration;
			buildSettings = {
				ASSETCATALOG_COMPILER_APPICON_NAME = AppIcon;
				CODE_SIGN_STYLE = Automatic;
				INFOPLIST_FILE = CollectionViewProject/Info.plist;
				LD_RUNPATH_SEARCH_PATHS = "$(inherited) @executable_path/Frameworks";
				PRODUCT_BUNDLE_IDENTIFIER = zapbuild.CollectionViewProject;
				PRODUCT_NAME = "$(TARGET_NAME)";
				SWIFT_VERSION = 4.0;
				TARGETED_DEVICE_FAMILY = "1,2";
			};
			name = Release;
		};
/* End XCBuildConfiguration section */

/* Begin XCConfigurationList section */
		2EFA83562418DFE500A36452 /* Build configuration list for PBXProject "CollectionViewProject" */ = {
			isa = XCConfigurationList;
			buildConfigurations = (
				2EFA836B2418DFE500A36452 /* Debug */,
				2EFA836C2418DFE500A36452 /* Release */,
			);
			defaultConfigurationIsVisible = 0;
			defaultConfigurationName = Release;
		};
		2EFA836D2418DFE500A36452 /* Build configuration list for PBXNativeTarget "CollectionViewProject" */ = {
			isa = XCConfigurationList;
			buildConfigurations = (
				2EFA836E2418DFE500A36452 /* Debug */,
				2EFA836F2418DFE500A36452 /* Release */,
			);
			defaultConfigurationIsVisible = 0;
			defaultConfigurationName = Release;
		};
/* End XCConfigurationList section */
	};
	rootObject = 2EFA83532418DFE500A36452 /* Project object */;
}
